
Microsoft Visual Studio Solution File, Format Version 12.00
# Visual Studio Version 17
VisualStudioVersion = 17.5.33530.505
MinimumVisualStudioVersion = 10.0.40219.1
Project("{8BC9CEB8-8B4A-11D0-8D11-00A0C91BC942}") = "Teor_Grph_Lab6", "Teor_Grph_Lab6.vcxproj", "{EB81B454-F834-4FC1-BA6A-BB90F383CF48}"
EndProject
Global
	GlobalSection(SolutionConfigurationPlatforms) = preSolution
		Debug|x64 = Debug|x64
		Debug|x86 = Debug|x86
		Release|x64 = Release|x64
		Release|x86 = Release|x86
	EndGlobalSection
	GlobalSection(ProjectConfigurationPlatforms) = postSolution
		{EB81B454-F834-4FC1-BA6A-BB90F383CF48}.Debug|x64.ActiveCfg = Debug|x64
		{EB81B454-F834-4FC1-BA6A-BB90F383CF48}.Debug|x64.Build.0 = Debug|x64
		{EB81B454-F834-4FC1-BA6A-BB90F383CF48}.Debug|x86.ActiveCfg = Debug|Win32
		{EB81B454-F834-4FC1-BA6A-BB90F383CF48}.Debug|x86.Build.0 = Debug|Win32
		{EB81B454-F834-4FC1-BA6A-BB90F383CF48}.Release|x64.ActiveCfg = Release|x64
		{EB81B454-F834-4FC1-BA6A-BB90F383CF48}.Release|x64.Build.0 = Release|x64
		{EB81B454-F834-4FC1-BA6A-BB90F383CF48}.Release|x86.ActiveCfg = Release|Win32
		{EB81B454-F834-4FC1-BA6A-BB90F383CF48}.Release|x86.Build.0 = Release|Win32
	EndGlobalSection
	GlobalSection(SolutionProperties) = preSolution
		HideSolutionNode = FALSE
	EndGlobalSection
	GlobalSection(ExtensibilityGlobals) = postSolution
		SolutionGuid = {E9C1E3C1-0DDA-4344-B55B-BE3B14DA0027}
	EndGlobalSection
EndGlobal
